
Microsoft Visual Studio Solution File, Format Version 12.00
# Visual Studio Version 17
VisualStudioVersion = 17.11.35208.52
MinimumVisualStudioVersion = 10.0.40219.1
Project("{9A19103F-16F7-4668-BE54-9A1E7A4F7556}") = "QM_TemplatePackage", "QM_TemplatePackage.csproj", "{C1E029B4-E6BF-4A2B-A7DB-DFDCC5C1CDC5}"
EndProject
Global
	GlobalSection(SolutionConfigurationPlatforms) = preSolution
		Debug|Any CPU = Debug|Any CPU
		Release|Any CPU = Release|Any CPU
	EndGlobalSection
	GlobalSection(ProjectConfigurationPlatforms) = postSolution
		{C1E029B4-E6BF-4A2B-A7DB-DFDCC5C1CDC5}.Debug|Any CPU.ActiveCfg = Debug|Any CPU
		{C1E029B4-E6BF-4A2B-A7DB-DFDCC5C1CDC5}.Debug|Any CPU.Build.0 = Debug|Any CPU
		{C1E029B4-E6BF-4A2B-A7DB-DFDCC5C1CDC5}.Release|Any CPU.ActiveCfg = Release|Any CPU
		{C1E029B4-E6BF-4A2B-A7DB-DFDCC5C1CDC5}.Release|Any CPU.Build.0 = Release|Any CPU
	EndGlobalSection
	GlobalSection(SolutionProperties) = preSolution
		HideSolutionNode = FALSE
	EndGlobalSection
	GlobalSection(ExtensibilityGlobals) = postSolution
		SolutionGuid = {590D593A-008E-4E53-A9D0-EA9A844891C4}
	EndGlobalSection
EndGlobal
